
Microsoft Visual Studio Solution File, Format Version 12.00
# Visual Studio Version 17
VisualStudioVersion = 17.9.34701.34
MinimumVisualStudioVersion = 10.0.40219.1
Project("{9A19103F-16F7-4668-BE54-9A1E7A4F7556}") = "BlazorComponent", "BlazorComponent\BlazorComponent.csproj", "{21BE5C43-F5BE-4089-B09D-3EABD6E0227A}"
EndProject
Global
	GlobalSection(SolutionConfigurationPlatforms) = preSolution
		Debug|Any CPU = Debug|Any CPU
		Release|Any CPU = Release|Any CPU
	EndGlobalSection
	GlobalSection(ProjectConfigurationPlatforms) = postSolution
		{21BE5C43-F5BE-4089-B09D-3EABD6E0227A}.Debug|Any CPU.ActiveCfg = Debug|Any CPU
		{21BE5C43-F5BE-4089-B09D-3EABD6E0227A}.Debug|Any CPU.Build.0 = Debug|Any CPU
		{21BE5C43-F5BE-4089-B09D-3EABD6E0227A}.Release|Any CPU.ActiveCfg = Release|Any CPU
		{21BE5C43-F5BE-4089-B09D-3EABD6E0227A}.Release|Any CPU.Build.0 = Release|Any CPU
	EndGlobalSection
	GlobalSection(SolutionProperties) = preSolution
		HideSolutionNode = FALSE
	EndGlobalSection
	GlobalSection(ExtensibilityGlobals) = postSolution
		SolutionGuid = {B4A39A5C-A063-4EF1-B111-F633FE037EDD}
	EndGlobalSection
EndGlobal
